
Microsoft Visual Studio Solution File, Format Version 12.00
# Visual Studio Version 17
VisualStudioVersion = 17.14.36109.1 d17.14
MinimumVisualStudioVersion = 10.0.40219.1
Project("{FAE04EC0-301F-11D3-BF4B-00C04F79EFBC}") = "St Interface", "St Interface\St Interface.csproj", "{D3BD7B4A-9815-4FCC-AC08-501F4A41DFD4}"
EndProject
Global
	GlobalSection(SolutionConfigurationPlatforms) = preSolution
		Debug|Any CPU = Debug|Any CPU
		Release|Any CPU = Release|Any CPU
	EndGlobalSection
	GlobalSection(ProjectConfigurationPlatforms) = postSolution
		{D3BD7B4A-9815-4FCC-AC08-501F4A41DFD4}.Debug|Any CPU.ActiveCfg = Debug|Any CPU
		{D3BD7B4A-9815-4FCC-AC08-501F4A41DFD4}.Debug|Any CPU.Build.0 = Debug|Any CPU
		{D3BD7B4A-9815-4FCC-AC08-501F4A41DFD4}.Release|Any CPU.ActiveCfg = Release|Any CPU
		{D3BD7B4A-9815-4FCC-AC08-501F4A41DFD4}.Release|Any CPU.Build.0 = Release|Any CPU
	EndGlobalSection
	GlobalSection(SolutionProperties) = preSolution
		HideSolutionNode = FALSE
	EndGlobalSection
	GlobalSection(ExtensibilityGlobals) = postSolution
		SolutionGuid = {A4B0AD92-AD63-4189-B185-028C60834199}
	EndGlobalSection
EndGlobal
